
Microsoft Visual Studio Solution File, Format Version 12.00
# Visual Studio Version 17
VisualStudioVersion = 17.3.32901.215
MinimumVisualStudioVersion = 10.0.40219.1
Project("{FAE04EC0-301F-11D3-BF4B-00C04F79EFBC}") = "AmidoTechBddfyTests", "AmidoTechBddfyTests\AmidoTechBddfyTests.csproj", "{B3A24215-5822-4ED8-85F1-E27CF82363CC}"
EndProject
Global
	GlobalSection(SolutionConfigurationPlatforms) = preSolution
		Debug|Any CPU = Debug|Any CPU
		Release|Any CPU = Release|Any CPU
	EndGlobalSection
	GlobalSection(ProjectConfigurationPlatforms) = postSolution
		{B3A24215-5822-4ED8-85F1-E27CF82363CC}.Debug|Any CPU.ActiveCfg = Debug|Any CPU
		{B3A24215-5822-4ED8-85F1-E27CF82363CC}.Debug|Any CPU.Build.0 = Debug|Any CPU
		{B3A24215-5822-4ED8-85F1-E27CF82363CC}.Release|Any CPU.ActiveCfg = Release|Any CPU
		{B3A24215-5822-4ED8-85F1-E27CF82363CC}.Release|Any CPU.Build.0 = Release|Any CPU
	EndGlobalSection
	GlobalSection(SolutionProperties) = preSolution
		HideSolutionNode = FALSE
	EndGlobalSection
	GlobalSection(ExtensibilityGlobals) = postSolution
		SolutionGuid = {A8D142DF-F6F4-4AFC-BD12-C884CA15A49F}
	EndGlobalSection
EndGlobal
